
Microsoft Visual Studio Solution File, Format Version 12.00
# Visual Studio Version 17
VisualStudioVersion = 17.0.32126.317
MinimumVisualStudioVersion = 10.0.40219.1
Project("{FAE04EC0-301F-11D3-BF4B-00C04F79EFBC}") = "Tickets", "Tickets\Tickets.csproj", "{5E6EF1F2-08FD-4808-A80F-8AA22E70D892}"
EndProject
Global
	GlobalSection(SolutionConfigurationPlatforms) = preSolution
		Debug|Any CPU = Debug|Any CPU
		Release|Any CPU = Release|Any CPU
	EndGlobalSection
	GlobalSection(ProjectConfigurationPlatforms) = postSolution
		{5E6EF1F2-08FD-4808-A80F-8AA22E70D892}.Debug|Any CPU.ActiveCfg = Debug|Any CPU
		{5E6EF1F2-08FD-4808-A80F-8AA22E70D892}.Debug|Any CPU.Build.0 = Debug|Any CPU
		{5E6EF1F2-08FD-4808-A80F-8AA22E70D892}.Release|Any CPU.ActiveCfg = Release|Any CPU
		{5E6EF1F2-08FD-4808-A80F-8AA22E70D892}.Release|Any CPU.Build.0 = Release|Any CPU
	EndGlobalSection
	GlobalSection(SolutionProperties) = preSolution
		HideSolutionNode = FALSE
	EndGlobalSection
	GlobalSection(ExtensibilityGlobals) = postSolution
		SolutionGuid = {AD870C3C-7F28-43A7-BEA3-3E2A30CD9480}
	EndGlobalSection
EndGlobal
